
Microsoft Visual Studio Solution File, Format Version 12.00
Project("{FAE04EC0-301F-11D3-BF4B-00C04F79EFBC}") = "PuzzleGame", "PuzzleGame\PuzzleGame.csproj", "{B69CBCF5-5A48-42EE-A5C4-85052325B3FD}"
EndProject
Global
	GlobalSection(SolutionConfigurationPlatforms) = preSolution
		Debug|Any CPU = Debug|Any CPU
		Release|Any CPU = Release|Any CPU
	EndGlobalSection
	GlobalSection(ProjectConfigurationPlatforms) = postSolution
		{B69CBCF5-5A48-42EE-A5C4-85052325B3FD}.Debug|Any CPU.ActiveCfg = Debug|Any CPU
		{B69CBCF5-5A48-42EE-A5C4-85052325B3FD}.Debug|Any CPU.Build.0 = Debug|Any CPU
		{B69CBCF5-5A48-42EE-A5C4-85052325B3FD}.Release|Any CPU.ActiveCfg = Release|Any CPU
		{B69CBCF5-5A48-42EE-A5C4-85052325B3FD}.Release|Any CPU.Build.0 = Release|Any CPU
	EndGlobalSection
EndGlobal
